<?xml version="1.0" encoding="utf-8"?>
<Project ToolsVersion="4.0" xmlns="http://schemas.microsoft.com/developer/msbuild/2003">
  <ItemGroup>
    <Filter Include="Source Files">
      <UniqueIdentifier>{4FC737F1-C7A5-4376-A066-2A32D752A2FF}</UniqueIdentifier>
      <Extensions>cpp;c;cc;cxx;def;odl;idl;hpj;bat;asm;asmx</Extensions>
    </Filter>
    <Filter Include="Header Files">
      <UniqueIdentifier>{93995380-89BD-4b04-88EB-625FBE52EBFB}</UniqueIdentifier>
      <Extensions>h;hh;hpp;hxx;hm;inl;inc;xsd</Extensions>
    </Filter>
    <Filter Include="Resource Files">
      <UniqueIdentifier>{67DA6AB6-F800-4c08-8B7A-83BB121AAD01}</UniqueIdentifier>
      <Extensions>rc;ico;cur;bmp;dlg;rc2;rct;bin;rgs;gif;jpg;jpeg;jpe;resx;tiff;tif;png;wav;mfcribbon-ms</Extensions>
    </Filter>
  </ItemGroup>
  <ItemGroup>
    <ClCompile Include="C.cpp">
      <Filter>Source Files</Filter>
    </ClCompile>
    <ClCompile Include="UVA10055.cpp">
      <Filter>Source Files</Filter>
    </ClCompile>
    <ClCompile Include="Boilerplate.cpp">
      <Filter>Source Files</Filter>
    </ClCompile>
    <ClCompile Include="UVA10071.cpp">
      <Filter>Source Files</Filter>
    </ClCompile>
    <ClCompile Include="UVA272.cpp">
      <Filter>Source Files</Filter>
    </ClCompile>
    <ClCompile Include="UVA458.cpp">
      <Filter>Source Files</Filter>
    </ClCompile>
    <ClCompile Include="UVA11172.cpp">
      <Filter>Source Files</Filter>
    </ClCompile>
    <ClCompile Include="UVA102.cpp">
      <Filter>Source Files</Filter>
    </ClCompile>
    <ClCompile Include="UVA10038.cpp">
      <Filter>Source Files</Filter>
    </ClCompile>
    <ClCompile Include="UVA494.cpp">
      <Filter>Source Files</Filter>
    </ClCompile>
    <ClCompile Include="UVA10300.cpp">
      <Filter>Source Files</Filter>
    </ClCompile>
    <ClCompile Include="UVA10783.cpp">
      <Filter>Source Files</Filter>
    </ClCompile>
    <ClCompile Include="UVA10035.cpp">
      <Filter>Source Files</Filter>
    </ClCompile>
    <ClCompile Include="UVA299.cpp">
      <Filter>Source Files</Filter>
    </ClCompile>
    <ClCompile Include="UVA10018.cpp">
      <Filter>Source Files</Filter>
    </ClCompile>
    <ClCompile Include="UVA100.cpp">
      <Filter>Source Files</Filter>
    </ClCompile>
    <ClCompile Include="UVA10189.cpp">
      <Filter>Source Files</Filter>
    </ClCompile>
    <ClCompile Include="UVA101.cpp">
      <Filter>Source Files</Filter>
    </ClCompile>
    <ClCompile Include="UVA103.cpp">
      <Filter>Source Files</Filter>
    </ClCompile>
    <ClCompile Include="UVA105.cpp">
      <Filter>Source Files</Filter>
    </ClCompile>
    <ClCompile Include="UVA106.cpp">
      <Filter>Source Files</Filter>
    </ClCompile>
    <ClCompile Include="UVA107.cpp">
      <Filter>Source Files</Filter>
    </ClCompile>
    <ClCompile Include="UVA136.cpp">
      <Filter>Source Files</Filter>
    </ClCompile>
    <ClCompile Include="UVA10082.cpp">
      <Filter>Source Files</Filter>
    </ClCompile>
    <ClCompile Include="test.cpp">
      <Filter>Source Files</Filter>
    </ClCompile>
    <ClCompile Include="UVA1124.cpp">
      <Filter>Source Files</Filter>
    </ClCompile>
    <ClCompile Include="UVA10550.cpp">
      <Filter>Source Files</Filter>
    </ClCompile>
    <ClCompile Include="UVA11044.cpp">
      <Filter>Source Files</Filter>
    </ClCompile>
    <ClCompile Include="UVA11364.cpp">
      <Filter>Source Files</Filter>
    </ClCompile>
    <ClCompile Include="UVA11498.cpp">
      <Filter>Source Files</Filter>
    </ClCompile>
    <ClCompile Include="UVA11547.cpp">
      <Filter>Source Files</Filter>
    </ClCompile>
    <ClCompile Include="UVA11727.cpp">
      <Filter>Source Files</Filter>
    </ClCompile>
    <ClCompile Include="UVA12250.cpp">
      <Filter>Source Files</Filter>
    </ClCompile>
    <ClCompile Include="UVA12279.cpp">
      <Filter>Source Files</Filter>
    </ClCompile>
    <ClCompile Include="UVA12289.cpp">
      <Filter>Source Files</Filter>
    </ClCompile>
    <ClCompile Include="UVA12372.cpp">
      <Filter>Source Files</Filter>
    </ClCompile>
    <ClCompile Include="UVA12403.cpp">
      <Filter>Source Files</Filter>
    </ClCompile>
    <ClCompile Include="UVA12577.cpp">
      <Filter>Source Files</Filter>
    </ClCompile>
    <ClCompile Include="UVA621.cpp">
      <Filter>Source Files</Filter>
    </ClCompile>
    <ClCompile Include="UVA10114.cpp">
      <Filter>Source Files</Filter>
    </ClCompile>
    <ClCompile Include="UVA10963.cpp">
      <Filter>Source Files</Filter>
    </ClCompile>
    <ClCompile Include="UVA11332.cpp">
      <Filter>Source Files</Filter>
    </ClCompile>
    <ClCompile Include="UVA11559.cpp">
      <Filter>Source Files</Filter>
    </ClCompile>
    <ClCompile Include="UVA11679.cpp">
      <Filter>Source Files</Filter>
    </ClCompile>
    <ClCompile Include="UVA11764.cpp">
      <Filter>Source Files</Filter>
    </ClCompile>
    <ClCompile Include="UVA11799.cpp">
      <Filter>Source Files</Filter>
    </ClCompile>
    <ClCompile Include="UVA11942.cpp">
      <Filter>Source Files</Filter>
    </ClCompile>
    <ClCompile Include="UVA12015.cpp">
      <Filter>Source Files</Filter>
    </ClCompile>
    <ClCompile Include="UVA12157.cpp">
      <Filter>Source Files</Filter>
    </ClCompile>
    <ClCompile Include="UVA12468.cpp">
      <Filter>Source Files</Filter>
    </ClCompile>
    <ClCompile Include="UVA12503.cpp">
      <Filter>Source Files</Filter>
    </ClCompile>
    <ClCompile Include="UVA12554.cpp">
      <Filter>Source Files</Filter>
    </ClCompile>
    <ClCompile Include="UVA119.cpp">
      <Filter>Source Files</Filter>
    </ClCompile>
    <ClCompile Include="UVA573.cpp">
      <Filter>Source Files</Filter>
    </ClCompile>
    <ClCompile Include="UVA661.cpp">
      <Filter>Source Files</Filter>
    </ClCompile>
    <ClCompile Include="UVA10141.cpp">
      <Filter>Source Files</Filter>
    </ClCompile>
    <ClCompile Include="UVA10324.cpp">
      <Filter>Source Files</Filter>
    </ClCompile>
    <ClCompile Include="UVA10424.cpp">
      <Filter>Source Files</Filter>
    </ClCompile>
    <ClCompile Include="UVA10919.cpp">
      <Filter>Source Files</Filter>
    </ClCompile>
    <ClCompile Include="UVA11507.cpp">
      <Filter>Source Files</Filter>
    </ClCompile>
    <ClCompile Include="UVA11586.cpp">
      <Filter>Source Files</Filter>
    </ClCompile>
    <ClCompile Include="UVA11661.cpp">
      <Filter>Source Files</Filter>
    </ClCompile>
    <ClCompile Include="UVA11683.cpp">
      <Filter>Source Files</Filter>
    </ClCompile>
    <ClCompile Include="UVA11687.cpp">
      <Filter>Source Files</Filter>
    </ClCompile>
    <ClCompile Include="UVA11956.cpp">
      <Filter>Source Files</Filter>
    </ClCompile>
    <ClCompile Include="UVA12478.cpp">
      <Filter>Source Files</Filter>
    </ClCompile>
    <ClCompile Include="UVA162.cpp">
      <Filter>Source Files</Filter>
    </ClCompile>
    <ClCompile Include="UVA462.cpp">
      <Filter>Source Files</Filter>
    </ClCompile>
    <ClCompile Include="UVA555.cpp">
      <Filter>Source Files</Filter>
    </ClCompile>
    <ClCompile Include="UVA10205.cpp">
      <Filter>Source Files</Filter>
    </ClCompile>
    <ClCompile Include="UVA10315.cpp">
      <Filter>Source Files</Filter>
    </ClCompile>
    <ClCompile Include="UVA10646.cpp">
      <Filter>Source Files</Filter>
    </ClCompile>
    <ClCompile Include="UVA11225.cpp">
      <Filter>Source Files</Filter>
    </ClCompile>
    <ClCompile Include="UVA11678.cpp">
      <Filter>Source Files</Filter>
    </ClCompile>
    <ClCompile Include="UVA12247.cpp">
      <Filter>Source Files</Filter>
    </ClCompile>
    <ClCompile Include="UVA255.cpp">
      <Filter>Source Files</Filter>
    </ClCompile>
    <ClCompile Include="UVA278.cpp">
      <Filter>Source Files</Filter>
    </ClCompile>
    <ClCompile Include="UVA696.cpp">
      <Filter>Source Files</Filter>
    </ClCompile>
    <ClCompile Include="UVA10196.cpp">
      <Filter>Source Files</Filter>
    </ClCompile>
    <ClCompile Include="UVA10284.cpp">
      <Filter>Source Files</Filter>
    </ClCompile>
    <ClCompile Include="UVA10849.cpp">
      <Filter>Source Files</Filter>
    </ClCompile>
  </ItemGroup>
  <ItemGroup>
    <ClInclude Include="C.h">
      <Filter>Header Files</Filter>
    </ClInclude>
  </ItemGroup>
  <ItemGroup>
    <Text Include="UVA100in.txt">
      <Filter>Resource Files</Filter>
    </Text>
    <Text Include="UVA100out.txt">
      <Filter>Resource Files</Filter>
    </Text>
    <Text Include="UVA10055in.txt">
      <Filter>Resource Files</Filter>
    </Text>
    <Text Include="UVA10055out.txt">
      <Filter>Resource Files</Filter>
    </Text>
    <Text Include="UVA10071in.txt">
      <Filter>Resource Files</Filter>
    </Text>
    <Text Include="UVA10071out.txt">
      <Filter>Resource Files</Filter>
    </Text>
    <Text Include="UVA272out.txt">
      <Filter>Resource Files</Filter>
    </Text>
    <Text Include="UVA272in.txt">
      <Filter>Resource Files</Filter>
    </Text>
    <Text Include="UVA458in.txt">
      <Filter>Resource Files</Filter>
    </Text>
    <Text Include="UVA458out.txt">
      <Filter>Resource Files</Filter>
    </Text>
    <Text Include="UVA11172in.txt">
      <Filter>Resource Files</Filter>
    </Text>
    <Text Include="UVA11172out.txt">
      <Filter>Resource Files</Filter>
    </Text>
    <Text Include="UVA102in.txt">
      <Filter>Resource Files</Filter>
    </Text>
    <Text Include="UVA102out.txt">
      <Filter>Resource Files</Filter>
    </Text>
    <Text Include="UVA10038in.txt">
      <Filter>Resource Files</Filter>
    </Text>
    <Text Include="UVA10038out.txt">
      <Filter>Resource Files</Filter>
    </Text>
    <Text Include="UVA494in.txt">
      <Filter>Resource Files</Filter>
    </Text>
    <Text Include="UVA494out.txt">
      <Filter>Resource Files</Filter>
    </Text>
    <Text Include="UVA10300out.txt">
      <Filter>Resource Files</Filter>
    </Text>
    <Text Include="UVA10300in.txt">
      <Filter>Resource Files</Filter>
    </Text>
    <Text Include="UVA10783in.txt">
      <Filter>Resource Files</Filter>
    </Text>
    <Text Include="UVA10783out.txt">
      <Filter>Resource Files</Filter>
    </Text>
    <Text Include="UVA10035in.txt">
      <Filter>Resource Files</Filter>
    </Text>
    <Text Include="UVA10035out.txt">
      <Filter>Resource Files</Filter>
    </Text>
    <Text Include="UVA299in.txt">
      <Filter>Resource Files</Filter>
    </Text>
    <Text Include="UVA299out.txt">
      <Filter>Resource Files</Filter>
    </Text>
    <Text Include="UVA10018in.txt">
      <Filter>Resource Files</Filter>
    </Text>
    <Text Include="UVA10018out.txt">
      <Filter>Resource Files</Filter>
    </Text>
    <Text Include="UVA10189in.txt">
      <Filter>Resource Files</Filter>
    </Text>
    <Text Include="UVA10189out.txt">
      <Filter>Resource Files</Filter>
    </Text>
    <Text Include="UVA101in.txt">
      <Filter>Resource Files</Filter>
    </Text>
    <Text Include="UVA101out.txt">
      <Filter>Resource Files</Filter>
    </Text>
    <Text Include="UVA103in.txt">
      <Filter>Resource Files</Filter>
    </Text>
    <Text Include="UVA103out.txt">
      <Filter>Resource Files</Filter>
    </Text>
    <Text Include="UVA105in.txt">
      <Filter>Resource Files</Filter>
    </Text>
    <Text Include="UVA105out.txt">
      <Filter>Resource Files</Filter>
    </Text>
    <Text Include="UVA106in.txt">
      <Filter>Resource Files</Filter>
    </Text>
    <Text Include="UVA106out.txt">
      <Filter>Resource Files</Filter>
    </Text>
    <Text Include="UVA107in.txt">
      <Filter>Resource Files</Filter>
    </Text>
    <Text Include="UVA107out.txt">
      <Filter>Resource Files</Filter>
    </Text>
    <Text Include="UVA10082in.txt">
      <Filter>Resource Files</Filter>
    </Text>
    <Text Include="UVA10082out.txt">
      <Filter>Resource Files</Filter>
    </Text>
    <Text Include="UVA1124in.txt">
      <Filter>Resource Files</Filter>
    </Text>
    <Text Include="UVA1124out.txt">
      <Filter>Resource Files</Filter>
    </Text>
    <Text Include="UVA10550in.txt">
      <Filter>Resource Files</Filter>
    </Text>
    <Text Include="UVA10550out.txt">
      <Filter>Resource Files</Filter>
    </Text>
    <Text Include="UVA11044in.txt">
      <Filter>Resource Files</Filter>
    </Text>
    <Text Include="UVA11044out.txt">
      <Filter>Resource Files</Filter>
    </Text>
    <Text Include="UVA11364in.txt">
      <Filter>Resource Files</Filter>
    </Text>
    <Text Include="UVA11364out.txt">
      <Filter>Resource Files</Filter>
    </Text>
    <Text Include="UVA11498in.txt">
      <Filter>Resource Files</Filter>
    </Text>
    <Text Include="UVA11498out.txt">
      <Filter>Resource Files</Filter>
    </Text>
    <Text Include="UVA11547in.txt">
      <Filter>Resource Files</Filter>
    </Text>
    <Text Include="UVA11547out.txt">
      <Filter>Resource Files</Filter>
    </Text>
    <Text Include="UVA11727in.txt">
      <Filter>Resource Files</Filter>
    </Text>
    <Text Include="UVA11727out.txt">
      <Filter>Resource Files</Filter>
    </Text>
    <Text Include="UVA12250in.txt">
      <Filter>Resource Files</Filter>
    </Text>
    <Text Include="UVA12250out.txt">
      <Filter>Resource Files</Filter>
    </Text>
    <Text Include="UVA12279in.txt">
      <Filter>Resource Files</Filter>
    </Text>
    <Text Include="UVA12279out.txt">
      <Filter>Resource Files</Filter>
    </Text>
    <Text Include="UVA12289in.txt">
      <Filter>Resource Files</Filter>
    </Text>
    <Text Include="UVA12289out.txt">
      <Filter>Resource Files</Filter>
    </Text>
    <Text Include="UVA12372in.txt">
      <Filter>Resource Files</Filter>
    </Text>
    <Text Include="UVA12372out.txt">
      <Filter>Resource Files</Filter>
    </Text>
    <Text Include="UVA12403in.txt">
      <Filter>Resource Files</Filter>
    </Text>
    <Text Include="UVA12403out.txt">
      <Filter>Resource Files</Filter>
    </Text>
    <Text Include="UVA12577in.txt">
      <Filter>Resource Files</Filter>
    </Text>
    <Text Include="UVA12577out.txt">
      <Filter>Resource Files</Filter>
    </Text>
    <Text Include="UVA621in.txt">
      <Filter>Resource Files</Filter>
    </Text>
    <Text Include="UVA621out.txt">
      <Filter>Resource Files</Filter>
    </Text>
    <Text Include="UVA10114in.txt">
      <Filter>Resource Files</Filter>
    </Text>
    <Text Include="UVA10114out.txt">
      <Filter>Resource Files</Filter>
    </Text>
    <Text Include="UVA10963in.txt">
      <Filter>Resource Files</Filter>
    </Text>
    <Text Include="UVA10963out.txt">
      <Filter>Resource Files</Filter>
    </Text>
    <Text Include="UVA11332in.txt">
      <Filter>Resource Files</Filter>
    </Text>
    <Text Include="UVA11332out.txt">
      <Filter>Resource Files</Filter>
    </Text>
    <Text Include="UVA11559in.txt">
      <Filter>Resource Files</Filter>
    </Text>
    <Text Include="UVA11559out.txt">
      <Filter>Resource Files</Filter>
    </Text>
    <Text Include="UVA11679in.txt">
      <Filter>Resource Files</Filter>
    </Text>
    <Text Include="UVA11679out.txt">
      <Filter>Resource Files</Filter>
    </Text>
    <Text Include="UVA11764in.txt">
      <Filter>Resource Files</Filter>
    </Text>
    <Text Include="UVA11764out.txt">
      <Filter>Resource Files</Filter>
    </Text>
    <Text Include="UVA11799in.txt">
      <Filter>Resource Files</Filter>
    </Text>
    <Text Include="UVA11799out.txt">
      <Filter>Resource Files</Filter>
    </Text>
    <Text Include="UVA11942in.txt">
      <Filter>Resource Files</Filter>
    </Text>
    <Text Include="UVA11942out.txt">
      <Filter>Resource Files</Filter>
    </Text>
    <Text Include="UVA12015in.txt">
      <Filter>Resource Files</Filter>
    </Text>
    <Text Include="UVA12015out.txt">
      <Filter>Resource Files</Filter>
    </Text>
    <Text Include="UVA12157in.txt">
      <Filter>Resource Files</Filter>
    </Text>
    <Text Include="UVA12157out.txt">
      <Filter>Resource Files</Filter>
    </Text>
    <Text Include="UVA12468in.txt">
      <Filter>Resource Files</Filter>
    </Text>
    <Text Include="UVA12468out.txt">
      <Filter>Resource Files</Filter>
    </Text>
    <Text Include="UVA12503in.txt">
      <Filter>Resource Files</Filter>
    </Text>
    <Text Include="UVA12503out.txt">
      <Filter>Resource Files</Filter>
    </Text>
    <Text Include="UVA12554in.txt">
      <Filter>Resource Files</Filter>
    </Text>
    <Text Include="UVA12554out.txt">
      <Filter>Resource Files</Filter>
    </Text>
    <Text Include="UVA119in.txt">
      <Filter>Resource Files</Filter>
    </Text>
    <Text Include="UVA119out.txt">
      <Filter>Resource Files</Filter>
    </Text>
    <Text Include="UVA573in.txt">
      <Filter>Resource Files</Filter>
    </Text>
    <Text Include="UVA573out.txt">
      <Filter>Resource Files</Filter>
    </Text>
    <Text Include="UVA661in.txt">
      <Filter>Resource Files</Filter>
    </Text>
    <Text Include="UVA661out.txt">
      <Filter>Resource Files</Filter>
    </Text>
    <Text Include="UVA10141in.txt">
      <Filter>Resource Files</Filter>
    </Text>
    <Text Include="UVA10141out.txt">
      <Filter>Resource Files</Filter>
    </Text>
    <Text Include="UVA10324in.txt">
      <Filter>Resource Files</Filter>
    </Text>
    <Text Include="UVA10324out.txt">
      <Filter>Resource Files</Filter>
    </Text>
    <Text Include="UVA10424in.txt">
      <Filter>Resource Files</Filter>
    </Text>
    <Text Include="UVA10424out.txt">
      <Filter>Resource Files</Filter>
    </Text>
    <Text Include="UVA10919in.txt">
      <Filter>Resource Files</Filter>
    </Text>
    <Text Include="UVA10919out.txt">
      <Filter>Resource Files</Filter>
    </Text>
    <Text Include="UVA11507in.txt">
      <Filter>Resource Files</Filter>
    </Text>
    <Text Include="UVA11507out.txt">
      <Filter>Resource Files</Filter>
    </Text>
    <Text Include="UVA11586in.txt">
      <Filter>Resource Files</Filter>
    </Text>
    <Text Include="UVA11586out.txt">
      <Filter>Resource Files</Filter>
    </Text>
    <Text Include="UVA11661in.txt">
      <Filter>Resource Files</Filter>
    </Text>
    <Text Include="UVA11661out.txt">
      <Filter>Resource Files</Filter>
    </Text>
    <Text Include="UVA11683in.txt">
      <Filter>Resource Files</Filter>
    </Text>
    <Text Include="UVA11683out.txt">
      <Filter>Resource Files</Filter>
    </Text>
    <Text Include="UVA11687in.txt">
      <Filter>Resource Files</Filter>
    </Text>
    <Text Include="UVA11687out.txt">
      <Filter>Resource Files</Filter>
    </Text>
    <Text Include="UVA11956in.txt">
      <Filter>Resource Files</Filter>
    </Text>
    <Text Include="UVA11956out.txt">
      <Filter>Resource Files</Filter>
    </Text>
    <Text Include="UVA162in.txt">
      <Filter>Resource Files</Filter>
    </Text>
    <Text Include="UVA162out.txt">
      <Filter>Resource Files</Filter>
    </Text>
    <Text Include="UVA462in.txt">
      <Filter>Resource Files</Filter>
    </Text>
    <Text Include="UVA462out.txt">
      <Filter>Resource Files</Filter>
    </Text>
    <Text Include="UVA555in.txt">
      <Filter>Resource Files</Filter>
    </Text>
    <Text Include="UVA555out.txt">
      <Filter>Resource Files</Filter>
    </Text>
    <Text Include="UVA10205in.txt">
      <Filter>Resource Files</Filter>
    </Text>
    <Text Include="UVA10205out.txt">
      <Filter>Resource Files</Filter>
    </Text>
    <Text Include="UVA10315in.txt">
      <Filter>Resource Files</Filter>
    </Text>
    <Text Include="UVA10315out.txt">
      <Filter>Resource Files</Filter>
    </Text>
    <Text Include="UVA10646in.txt">
      <Filter>Resource Files</Filter>
    </Text>
    <Text Include="UVA10646out.txt">
      <Filter>Resource Files</Filter>
    </Text>
    <Text Include="UVA11225in.txt">
      <Filter>Resource Files</Filter>
    </Text>
    <Text Include="UVA11225out.txt">
      <Filter>Resource Files</Filter>
    </Text>
    <Text Include="UVA11678in.txt">
      <Filter>Resource Files</Filter>
    </Text>
    <Text Include="UVA11678out.txt">
      <Filter>Resource Files</Filter>
    </Text>
    <Text Include="UVA12247in.txt">
      <Filter>Resource Files</Filter>
    </Text>
    <Text Include="UVA12247out.txt">
      <Filter>Resource Files</Filter>
    </Text>
    <Text Include="UVA255in.txt">
      <Filter>Resource Files</Filter>
    </Text>
    <Text Include="UVA255out.txt">
      <Filter>Resource Files</Filter>
    </Text>
    <Text Include="UVA278in.txt">
      <Filter>Resource Files</Filter>
    </Text>
    <Text Include="UVA278out.txt">
      <Filter>Resource Files</Filter>
    </Text>
    <Text Include="UVA696in.txt">
      <Filter>Resource Files</Filter>
    </Text>
    <Text Include="UVA696out.txt">
      <Filter>Resource Files</Filter>
    </Text>
    <Text Include="UVA10196in.txt">
      <Filter>Resource Files</Filter>
    </Text>
    <Text Include="UVA10196out.txt">
      <Filter>Resource Files</Filter>
    </Text>
    <Text Include="UVA10284in.txt">
      <Filter>Resource Files</Filter>
    </Text>
    <Text Include="UVA10284out.txt">
      <Filter>Resource Files</Filter>
    </Text>
    <Text Include="UVA10849in.txt">
      <Filter>Resource Files</Filter>
    </Text>
    <Text Include="UVA10849out.txt">
      <Filter>Resource Files</Filter>
    </Text>
  </ItemGroup>
</Project>